
Microsoft Visual Studio Solution File, Format Version 12.00
# Visual Studio Version 17
VisualStudioVersion = 17.6.33801.468
MinimumVisualStudioVersion = 10.0.40219.1
Project("{FAE04EC0-301F-11D3-BF4B-00C04F79EFBC}") = "HOTEL BOOOKING", "HOTEL BOOOKING\HOTEL BOOOKING.csproj", "{2560E2A5-B0D4-43F2-978E-9BD7AF61EA10}"
EndProject
Global
	GlobalSection(SolutionConfigurationPlatforms) = preSolution
		Debug|Any CPU = Debug|Any CPU
		Release|Any CPU = Release|Any CPU
	EndGlobalSection
	GlobalSection(ProjectConfigurationPlatforms) = postSolution
		{2560E2A5-B0D4-43F2-978E-9BD7AF61EA10}.Debug|Any CPU.ActiveCfg = Debug|Any CPU
		{2560E2A5-B0D4-43F2-978E-9BD7AF61EA10}.Debug|Any CPU.Build.0 = Debug|Any CPU
		{2560E2A5-B0D4-43F2-978E-9BD7AF61EA10}.Release|Any CPU.ActiveCfg = Release|Any CPU
		{2560E2A5-B0D4-43F2-978E-9BD7AF61EA10}.Release|Any CPU.Build.0 = Release|Any CPU
	EndGlobalSection
	GlobalSection(SolutionProperties) = preSolution
		HideSolutionNode = FALSE
	EndGlobalSection
	GlobalSection(ExtensibilityGlobals) = postSolution
		SolutionGuid = {FC4E10D1-B6A0-4E99-A321-6B45FA76549D}
	EndGlobalSection
EndGlobal
